
Microsoft Visual Studio Solution File, Format Version 12.00
# Visual Studio Version 16
VisualStudioVersion = 16.0.31624.102
MinimumVisualStudioVersion = 10.0.40219.1
Project("{8BC9CEB8-8B4A-11D0-8D11-00A0C91BC942}") = "cpp-data-structures", "cpp-data-structures\cpp-data-structures.vcxproj", "{F3D2AECD-9434-4EDA-89A4-5C53F97083CD}"
EndProject
Project("{8BC9CEB8-8B4A-11D0-8D11-00A0C91BC942}") = "cpp-data-structures-test", "cpp-data-structures-test\cpp-data-structures-test.vcxproj", "{573BAEBE-7170-4E93-805E-FCD6710DF21F}"
EndProject
Global
	GlobalSection(SolutionConfigurationPlatforms) = preSolution
		Debug|x64 = Debug|x64
		Debug|x86 = Debug|x86
		Release|x64 = Release|x64
		Release|x86 = Release|x86
	EndGlobalSection
	GlobalSection(ProjectConfigurationPlatforms) = postSolution
		{F3D2AECD-9434-4EDA-89A4-5C53F97083CD}.Debug|x64.ActiveCfg = Debug|x64
		{F3D2AECD-9434-4EDA-89A4-5C53F97083CD}.Debug|x64.Build.0 = Debug|x64
		{F3D2AECD-9434-4EDA-89A4-5C53F97083CD}.Debug|x86.ActiveCfg = Debug|Win32
		{F3D2AECD-9434-4EDA-89A4-5C53F97083CD}.Debug|x86.Build.0 = Debug|Win32
		{F3D2AECD-9434-4EDA-89A4-5C53F97083CD}.Release|x64.ActiveCfg = Release|x64
		{F3D2AECD-9434-4EDA-89A4-5C53F97083CD}.Release|x64.Build.0 = Release|x64
		{F3D2AECD-9434-4EDA-89A4-5C53F97083CD}.Release|x86.ActiveCfg = Release|Win32
		{F3D2AECD-9434-4EDA-89A4-5C53F97083CD}.Release|x86.Build.0 = Release|Win32
		{573BAEBE-7170-4E93-805E-FCD6710DF21F}.Debug|x64.ActiveCfg = Debug|x64
		{573BAEBE-7170-4E93-805E-FCD6710DF21F}.Debug|x64.Build.0 = Debug|x64
		{573BAEBE-7170-4E93-805E-FCD6710DF21F}.Debug|x86.ActiveCfg = Debug|Win32
		{573BAEBE-7170-4E93-805E-FCD6710DF21F}.Debug|x86.Build.0 = Debug|Win32
		{573BAEBE-7170-4E93-805E-FCD6710DF21F}.Release|x64.ActiveCfg = Release|x64
		{573BAEBE-7170-4E93-805E-FCD6710DF21F}.Release|x64.Build.0 = Release|x64
		{573BAEBE-7170-4E93-805E-FCD6710DF21F}.Release|x86.ActiveCfg = Release|Win32
		{573BAEBE-7170-4E93-805E-FCD6710DF21F}.Release|x86.Build.0 = Release|Win32
	EndGlobalSection
	GlobalSection(SolutionProperties) = preSolution
		HideSolutionNode = FALSE
	EndGlobalSection
	GlobalSection(ExtensibilityGlobals) = postSolution
		SolutionGuid = {1F02C4B9-25F1-41C5-B559-3DEAC645FE61}
	EndGlobalSection
EndGlobal
